{
  "name": "S4.API",
  "lockfileVersion": 3,
  "requires": true,
  "packages": {
    "": {
      "dependencies": {
        "@types/dotenv": "^8.2.0",
        "dotenv": "^16.4.5"
      },
      "devDependencies": {
        "typescript": "^5.4.4"
      }
    },
    "node_modules/@types/dotenv": {
      "version": "8.2.0",
      "resolved": "https://registry.npmjs.org/@types/dotenv/-/dotenv-8.2.0.tgz",
      "integrity": "sha512-ylSC9GhfRH7m1EUXBXofhgx4lUWmFeQDINW5oLuS+gxWdfUeW4zJdeVTYVkexEW+e2VUvlZR2kGnGGipAWR7kw==",
      "deprecated": "This is a stub types definition. dotenv provides its own type definitions, so you do not need this installed.",
      "dependencies": {
        "dotenv": "*"
      }
    },
    "node_modules/dotenv": {
      "version": "16.4.5",
      "resolved": "https://registry.npmjs.org/dotenv/-/dotenv-16.4.5.tgz",
      "integrity": "sha512-ZmdL2rui+eB2YwhsWzjInR8LldtZHGDoQ1ugH85ppHKwpUHL7j7rN0Ti9NCnGiQbhaZ11FpR+7ao1dNsmduNUg==",
      "engines": {
        "node": ">=12"
      },
      "funding": {
        "url": "https://dotenvx.com"
      }
    },
    "node_modules/typescript": {
      "version": "5.4.4",
      "resolved": "https://registry.npmjs.org/typescript/-/typescript-5.4.4.tgz",
      "integrity": "sha512-dGE2Vv8cpVvw28v8HCPqyb08EzbBURxDpuhJvTrusShUfGnhHBafDsLdS1EhhxyL6BJQE+2cT3dDPAv+MQ6oLw==",
      "dev": true,
      "bin": {
        "tsc": "bin/tsc",
        "tsserver": "bin/tsserver"
      },
      "engines": {
        "node": ">=14.17"
      }
    }
  }
}
